
Microsoft Visual Studio Solution File, Format Version 12.00
Project("{FAE04EC0-301F-11D3-BF4B-00C04F79EFBC}") = "EntityFrameworkCore.CreatedUpdatedDate", "EntityFrameworkCore.CreatedUpdatedDate\EntityFrameworkCore.CreatedUpdatedDate.csproj", "{65FFE9AF-9013-4096-A147-9E3891AE8DC5}"
EndProject
Global
	GlobalSection(SolutionConfigurationPlatforms) = preSolution
		Debug|Any CPU = Debug|Any CPU
		Release|Any CPU = Release|Any CPU
	EndGlobalSection
	GlobalSection(ProjectConfigurationPlatforms) = postSolution
		{65FFE9AF-9013-4096-A147-9E3891AE8DC5}.Debug|Any CPU.ActiveCfg = Debug|Any CPU
		{65FFE9AF-9013-4096-A147-9E3891AE8DC5}.Debug|Any CPU.Build.0 = Debug|Any CPU
		{65FFE9AF-9013-4096-A147-9E3891AE8DC5}.Release|Any CPU.ActiveCfg = Release|Any CPU
		{65FFE9AF-9013-4096-A147-9E3891AE8DC5}.Release|Any CPU.Build.0 = Release|Any CPU
	EndGlobalSection
EndGlobal
